
Microsoft Visual Studio Solution File, Format Version 12.00
# Visual Studio 2013
VisualStudioVersion = 12.0.21005.1
MinimumVisualStudioVersion = 10.0.40219.1
Project("{FAE04EC0-301F-11D3-BF4B-00C04F79EFBC}") = "Do_an_quan_ly_khach_san", "Do_an_quan_ly_khach_san\Do_an_quan_ly_khach_san.csproj", "{6AB2D440-1160-4AE1-870A-A5B1F40EFD64}"
EndProject
Project("{FAE04EC0-301F-11D3-BF4B-00C04F79EFBC}") = "BUS", "BUS\BUS.csproj", "{94F15155-C753-46CC-AFF3-0ABD34387D6A}"
EndProject
Project("{FAE04EC0-301F-11D3-BF4B-00C04F79EFBC}") = "DAO", "DAO\DAO.csproj", "{58D3EE00-321B-4AD9-B70D-DF82132ECC27}"
EndProject
Project("{FAE04EC0-301F-11D3-BF4B-00C04F79EFBC}") = "DTO", "DTO\DTO.csproj", "{923D56FB-1F6F-45AD-83C9-6B6ED49B7CA7}"
EndProject
Global
	GlobalSection(SolutionConfigurationPlatforms) = preSolution
		Debug|Any CPU = Debug|Any CPU
		Release|Any CPU = Release|Any CPU
	EndGlobalSection
	GlobalSection(ProjectConfigurationPlatforms) = postSolution
		{6AB2D440-1160-4AE1-870A-A5B1F40EFD64}.Debug|Any CPU.ActiveCfg = Debug|Any CPU
		{6AB2D440-1160-4AE1-870A-A5B1F40EFD64}.Debug|Any CPU.Build.0 = Debug|Any CPU
		{6AB2D440-1160-4AE1-870A-A5B1F40EFD64}.Release|Any CPU.ActiveCfg = Release|Any CPU
		{6AB2D440-1160-4AE1-870A-A5B1F40EFD64}.Release|Any CPU.Build.0 = Release|Any CPU
		{94F15155-C753-46CC-AFF3-0ABD34387D6A}.Debug|Any CPU.ActiveCfg = Debug|Any CPU
		{94F15155-C753-46CC-AFF3-0ABD34387D6A}.Debug|Any CPU.Build.0 = Debug|Any CPU
		{94F15155-C753-46CC-AFF3-0ABD34387D6A}.Release|Any CPU.ActiveCfg = Release|Any CPU
		{94F15155-C753-46CC-AFF3-0ABD34387D6A}.Release|Any CPU.Build.0 = Release|Any CPU
		{58D3EE00-321B-4AD9-B70D-DF82132ECC27}.Debug|Any CPU.ActiveCfg = Debug|Any CPU
		{58D3EE00-321B-4AD9-B70D-DF82132ECC27}.Debug|Any CPU.Build.0 = Debug|Any CPU
		{58D3EE00-321B-4AD9-B70D-DF82132ECC27}.Release|Any CPU.ActiveCfg = Release|Any CPU
		{58D3EE00-321B-4AD9-B70D-DF82132ECC27}.Release|Any CPU.Build.0 = Release|Any CPU
		{923D56FB-1F6F-45AD-83C9-6B6ED49B7CA7}.Debug|Any CPU.ActiveCfg = Debug|Any CPU
		{923D56FB-1F6F-45AD-83C9-6B6ED49B7CA7}.Debug|Any CPU.Build.0 = Debug|Any CPU
		{923D56FB-1F6F-45AD-83C9-6B6ED49B7CA7}.Release|Any CPU.ActiveCfg = Release|Any CPU
		{923D56FB-1F6F-45AD-83C9-6B6ED49B7CA7}.Release|Any CPU.Build.0 = Release|Any CPU
	EndGlobalSection
	GlobalSection(SolutionProperties) = preSolution
		HideSolutionNode = FALSE
	EndGlobalSection
	GlobalSection(ExtensibilityGlobals) = postSolution
		SolutionGuid = {FD5892F5-2B3E-4E41-980F-60EF87FE373E}
	EndGlobalSection
EndGlobal
